
Microsoft Visual Studio Solution File, Format Version 12.00
# Visual Studio Version 17
VisualStudioVersion = 17.9.34728.123
MinimumVisualStudioVersion = 10.0.40219.1
Project("{9A19103F-16F7-4668-BE54-9A1E7A4F7556}") = "DesemApi", "DesemApi.csproj", "{A6EA38CC-B31D-412B-B9BA-76E0C484A802}"
EndProject
Project("{9A19103F-16F7-4668-BE54-9A1E7A4F7556}") = "Dominio", "Dominio\Dominio.csproj", "{449CAC2C-98D7-4C08-8B2D-653CD03761D6}"
EndProject
Project("{9A19103F-16F7-4668-BE54-9A1E7A4F7556}") = "Aplicacion", "Aplicacion\Aplicacion.csproj", "{C195BC23-B239-4E1E-BAD5-998B5DF34157}"
EndProject
Project("{9A19103F-16F7-4668-BE54-9A1E7A4F7556}") = "Datos", "Datos\Datos.csproj", "{916A8A00-D445-4EC5-8C18-AD310C707835}"
EndProject
Project("{9A19103F-16F7-4668-BE54-9A1E7A4F7556}") = "DTOs", "DTOs\DTOs.csproj", "{8A5D9C19-0D44-4BB4-97A5-DB026659B891}"
EndProject
Global
	GlobalSection(SolutionConfigurationPlatforms) = preSolution
		Debug|Any CPU = Debug|Any CPU
		Release|Any CPU = Release|Any CPU
	EndGlobalSection
	GlobalSection(ProjectConfigurationPlatforms) = postSolution
		{A6EA38CC-B31D-412B-B9BA-76E0C484A802}.Debug|Any CPU.ActiveCfg = Debug|Any CPU
		{A6EA38CC-B31D-412B-B9BA-76E0C484A802}.Debug|Any CPU.Build.0 = Debug|Any CPU
		{A6EA38CC-B31D-412B-B9BA-76E0C484A802}.Release|Any CPU.ActiveCfg = Release|Any CPU
		{A6EA38CC-B31D-412B-B9BA-76E0C484A802}.Release|Any CPU.Build.0 = Release|Any CPU
		{449CAC2C-98D7-4C08-8B2D-653CD03761D6}.Debug|Any CPU.ActiveCfg = Debug|Any CPU
		{449CAC2C-98D7-4C08-8B2D-653CD03761D6}.Debug|Any CPU.Build.0 = Debug|Any CPU
		{449CAC2C-98D7-4C08-8B2D-653CD03761D6}.Release|Any CPU.ActiveCfg = Release|Any CPU
		{449CAC2C-98D7-4C08-8B2D-653CD03761D6}.Release|Any CPU.Build.0 = Release|Any CPU
		{C195BC23-B239-4E1E-BAD5-998B5DF34157}.Debug|Any CPU.ActiveCfg = Debug|Any CPU
		{C195BC23-B239-4E1E-BAD5-998B5DF34157}.Debug|Any CPU.Build.0 = Debug|Any CPU
		{C195BC23-B239-4E1E-BAD5-998B5DF34157}.Release|Any CPU.ActiveCfg = Release|Any CPU
		{C195BC23-B239-4E1E-BAD5-998B5DF34157}.Release|Any CPU.Build.0 = Release|Any CPU
		{916A8A00-D445-4EC5-8C18-AD310C707835}.Debug|Any CPU.ActiveCfg = Debug|Any CPU
		{916A8A00-D445-4EC5-8C18-AD310C707835}.Debug|Any CPU.Build.0 = Debug|Any CPU
		{916A8A00-D445-4EC5-8C18-AD310C707835}.Release|Any CPU.ActiveCfg = Release|Any CPU
		{916A8A00-D445-4EC5-8C18-AD310C707835}.Release|Any CPU.Build.0 = Release|Any CPU
		{8A5D9C19-0D44-4BB4-97A5-DB026659B891}.Debug|Any CPU.ActiveCfg = Debug|Any CPU
		{8A5D9C19-0D44-4BB4-97A5-DB026659B891}.Debug|Any CPU.Build.0 = Debug|Any CPU
		{8A5D9C19-0D44-4BB4-97A5-DB026659B891}.Release|Any CPU.ActiveCfg = Release|Any CPU
		{8A5D9C19-0D44-4BB4-97A5-DB026659B891}.Release|Any CPU.Build.0 = Release|Any CPU
	EndGlobalSection
	GlobalSection(SolutionProperties) = preSolution
		HideSolutionNode = FALSE
	EndGlobalSection
	GlobalSection(ExtensibilityGlobals) = postSolution
		SolutionGuid = {12953DD2-05B8-4648-A166-33E1F4F04781}
	EndGlobalSection
EndGlobal
