
Microsoft Visual Studio Solution File, Format Version 12.00
# Visual Studio Version 17
VisualStudioVersion = 17.9.34728.123
MinimumVisualStudioVersion = 10.0.40219.1
Project("{9A19103F-16F7-4668-BE54-9A1E7A4F7556}") = "DesemApi", "DesemApi.csproj", "{A6EA38CC-B31D-412B-B9BA-76E0C484A802}"
EndProject
Project("{9A19103F-16F7-4668-BE54-9A1E7A4F7556}") = "Aplicacion", "..\..\DesemApi\Aplicacion\Aplicacion.csproj", "{25D55683-66C0-4504-9012-DD473B9DE9F3}"
EndProject
Project("{9A19103F-16F7-4668-BE54-9A1E7A4F7556}") = "Datos", "..\..\DesemApi\Datos\Datos.csproj", "{5C308A38-891C-40F2-813F-1532363FAA9F}"
EndProject
Project("{9A19103F-16F7-4668-BE54-9A1E7A4F7556}") = "Dominio", "..\..\DesemApi\Dominio\Dominio.csproj", "{0BB79135-72CB-4C4C-BDBD-691CEAAB348A}"
EndProject
Project("{9A19103F-16F7-4668-BE54-9A1E7A4F7556}") = "DTOs", "..\..\DesemApi\DTOs\DTOs.csproj", "{15DB047D-B8CD-4132-BD06-5E3C2F8F9DCB}"
EndProject
Global
	GlobalSection(SolutionConfigurationPlatforms) = preSolution
		Debug|Any CPU = Debug|Any CPU
		Release|Any CPU = Release|Any CPU
	EndGlobalSection
	GlobalSection(ProjectConfigurationPlatforms) = postSolution
		{A6EA38CC-B31D-412B-B9BA-76E0C484A802}.Debug|Any CPU.ActiveCfg = Debug|Any CPU
		{A6EA38CC-B31D-412B-B9BA-76E0C484A802}.Debug|Any CPU.Build.0 = Debug|Any CPU
		{A6EA38CC-B31D-412B-B9BA-76E0C484A802}.Release|Any CPU.ActiveCfg = Release|Any CPU
		{A6EA38CC-B31D-412B-B9BA-76E0C484A802}.Release|Any CPU.Build.0 = Release|Any CPU
		{25D55683-66C0-4504-9012-DD473B9DE9F3}.Debug|Any CPU.ActiveCfg = Debug|Any CPU
		{25D55683-66C0-4504-9012-DD473B9DE9F3}.Debug|Any CPU.Build.0 = Debug|Any CPU
		{25D55683-66C0-4504-9012-DD473B9DE9F3}.Release|Any CPU.ActiveCfg = Release|Any CPU
		{25D55683-66C0-4504-9012-DD473B9DE9F3}.Release|Any CPU.Build.0 = Release|Any CPU
		{5C308A38-891C-40F2-813F-1532363FAA9F}.Debug|Any CPU.ActiveCfg = Debug|Any CPU
		{5C308A38-891C-40F2-813F-1532363FAA9F}.Debug|Any CPU.Build.0 = Debug|Any CPU
		{5C308A38-891C-40F2-813F-1532363FAA9F}.Release|Any CPU.ActiveCfg = Release|Any CPU
		{5C308A38-891C-40F2-813F-1532363FAA9F}.Release|Any CPU.Build.0 = Release|Any CPU
		{0BB79135-72CB-4C4C-BDBD-691CEAAB348A}.Debug|Any CPU.ActiveCfg = Debug|Any CPU
		{0BB79135-72CB-4C4C-BDBD-691CEAAB348A}.Debug|Any CPU.Build.0 = Debug|Any CPU
		{0BB79135-72CB-4C4C-BDBD-691CEAAB348A}.Release|Any CPU.ActiveCfg = Release|Any CPU
		{0BB79135-72CB-4C4C-BDBD-691CEAAB348A}.Release|Any CPU.Build.0 = Release|Any CPU
		{15DB047D-B8CD-4132-BD06-5E3C2F8F9DCB}.Debug|Any CPU.ActiveCfg = Debug|Any CPU
		{15DB047D-B8CD-4132-BD06-5E3C2F8F9DCB}.Debug|Any CPU.Build.0 = Debug|Any CPU
		{15DB047D-B8CD-4132-BD06-5E3C2F8F9DCB}.Release|Any CPU.ActiveCfg = Release|Any CPU
		{15DB047D-B8CD-4132-BD06-5E3C2F8F9DCB}.Release|Any CPU.Build.0 = Release|Any CPU
	EndGlobalSection
	GlobalSection(SolutionProperties) = preSolution
		HideSolutionNode = FALSE
	EndGlobalSection
	GlobalSection(ExtensibilityGlobals) = postSolution
		SolutionGuid = {12953DD2-05B8-4648-A166-33E1F4F04781}
	EndGlobalSection
EndGlobal
